
Microsoft Visual Studio Solution File, Format Version 12.00
# Visual Studio Version 17
VisualStudioVersion = 17.4.33122.133
MinimumVisualStudioVersion = 10.0.40219.1
Project("{FAE04EC0-301F-11D3-BF4B-00C04F79EFBC}") = "USBCryptingFiles", "USBCryptingFiles\USBCryptingFiles.csproj", "{56CEA417-2E3B-4AF4-82FB-8B014DB49A46}"
EndProject
Global
	GlobalSection(SolutionConfigurationPlatforms) = preSolution
		Debug|Any CPU = Debug|Any CPU
		Release|Any CPU = Release|Any CPU
	EndGlobalSection
	GlobalSection(ProjectConfigurationPlatforms) = postSolution
		{56CEA417-2E3B-4AF4-82FB-8B014DB49A46}.Debug|Any CPU.ActiveCfg = Debug|Any CPU
		{56CEA417-2E3B-4AF4-82FB-8B014DB49A46}.Debug|Any CPU.Build.0 = Debug|Any CPU
		{56CEA417-2E3B-4AF4-82FB-8B014DB49A46}.Release|Any CPU.ActiveCfg = Release|Any CPU
		{56CEA417-2E3B-4AF4-82FB-8B014DB49A46}.Release|Any CPU.Build.0 = Release|Any CPU
	EndGlobalSection
	GlobalSection(SolutionProperties) = preSolution
		HideSolutionNode = FALSE
	EndGlobalSection
	GlobalSection(ExtensibilityGlobals) = postSolution
		SolutionGuid = {0EE832E7-97AD-4530-AD58-90A2FEE976D2}
	EndGlobalSection
EndGlobal
